
Microsoft Visual Studio Solution File, Format Version 12.00
# Visual Studio 14
VisualStudioVersion = 14.0.25420.1
MinimumVisualStudioVersion = 10.0.40219.1
Project("{FAE04EC0-301F-11D3-BF4B-00C04F79EFBC}") = "Top2000", "Top2000\Top2000.csproj", "{E5F03D72-7802-4D67-9883-D9976A830046}"
EndProject
Project("{FAE04EC0-301F-11D3-BF4B-00C04F79EFBC}") = "ClassLibrary", "ClassLibrary\ClassLibrary.csproj", "{19F0DFFE-4CE8-4F80-A53A-962453529E6F}"
EndProject
Global
	GlobalSection(SolutionConfigurationPlatforms) = preSolution
		Debug|Any CPU = Debug|Any CPU
		Release|Any CPU = Release|Any CPU
	EndGlobalSection
	GlobalSection(ProjectConfigurationPlatforms) = postSolution
		{E5F03D72-7802-4D67-9883-D9976A830046}.Debug|Any CPU.ActiveCfg = Debug|Any CPU
		{E5F03D72-7802-4D67-9883-D9976A830046}.Debug|Any CPU.Build.0 = Debug|Any CPU
		{E5F03D72-7802-4D67-9883-D9976A830046}.Release|Any CPU.ActiveCfg = Release|Any CPU
		{E5F03D72-7802-4D67-9883-D9976A830046}.Release|Any CPU.Build.0 = Release|Any CPU
		{19F0DFFE-4CE8-4F80-A53A-962453529E6F}.Debug|Any CPU.ActiveCfg = Debug|Any CPU
		{19F0DFFE-4CE8-4F80-A53A-962453529E6F}.Debug|Any CPU.Build.0 = Debug|Any CPU
		{19F0DFFE-4CE8-4F80-A53A-962453529E6F}.Release|Any CPU.ActiveCfg = Release|Any CPU
		{19F0DFFE-4CE8-4F80-A53A-962453529E6F}.Release|Any CPU.Build.0 = Release|Any CPU
	EndGlobalSection
	GlobalSection(SolutionProperties) = preSolution
		HideSolutionNode = FALSE
	EndGlobalSection
EndGlobal
